[[package]]
category = "dev"
description = "Code coverage measurement for Python"
name = "coverage"
optional = false
python-versions = ">=2.7, !=3.0.*, !=3.1.*, !=3.2.*, !=3.3.*, !=3.4.*, <4"
version = "5.0b1"

[package.extras]
toml = ["toml"]

[metadata]
content-hash = "1e7f4729aa212c1e9953755a06bef5e7c8373a19ebb7fa020147a045639cb196"
python-versions = "^3.7"

[metadata.files]
coverage = [
    {file = "coverage-5.0b1-cp27-cp27m-macosx_10_12_x86_64.whl", hash = "sha256:8210a6f93c4a8c6d460b402e20e38399529b99200c3318542faf6a520c9b6a5c"},
    {file = "coverage-5.0b1-cp27-cp27m-macosx_10_13_intel.whl", hash = "sha256:2358e685d0253125da42a48396038d4c7b4cd1448c00bbc4bda0cb8c43c2a870"},
    {file = "coverage-5.0b1-cp27-cp27m-manylinux1_i686.whl", hash = "sha256:5ffb39624bc573177888a21fb301ccee46838c600b27d58c3e9dae495f44d34a"},
    {file = "coverage-5.0b1-cp27-cp27m-manylinux1_x86_64.whl", hash = "sha256:79ef4a2bb862110bd585174e551a783bee5c3aa461734a2ac7429193be357589"},
    {file = "coverage-5.0b1-cp27-cp27m-win32.whl", hash = "sha256:50cf23523ab3a724c6905d3b60f87fa8250d9bae3995e09f49f63effa2b54f15"},
    {file = "coverage-5.0b1-cp27-cp27m-win_amd64.whl", hash = "sha256:f7162f2e3711f3a08a8a741f92e1f63afd58d0713177979f2cf9723dd50161cf"},
    {file = "coverage-5.0b1-cp27-cp27mu-manylinux1_i686.whl", hash = "sha256:699b3072b7f0e69ed175a88fa8b2ec7eefc4f34d490c54ed9a52feff21a15fdc"},
    {file = "coverage-5.0b1-cp27-cp27mu-manylinux1_x86_64.whl", hash = "sha256:aedad67c30326a1af324f45833a40b97180664912deb29942459ddbe9fa0ce19"},
    {file = "coverage-5.0b1-cp35-cp35m-macosx_10_12_x86_64.whl", hash = "sha256:25017cf384eeed2e6caf72efd3ec4124e32a8b7a4387600499104387975400c7"},
    {file = "coverage-5.0b1-cp35-cp35m-manylinux1_i686.whl", hash = "sha256:54c84a68abd8c4c5b71878b35eb85321df41f3d144c78181867d5b026ec74994"},
    {file = "coverage-5.0b1-cp35-cp35m-manylinux1_x86_64.whl", hash = "sha256:c0df57e189dacd2606cae6386acf127d01d85b2bf49acd9a65543b5d6c359ddc"},
    {file = "coverage-5.0b1-cp35-cp35m-win32.whl", hash = "sha256:2e2de9423ff8b14303a97eafddd16c479fbcc9a0b8b0be3b7c3843a3e0cf6d69"},
    {file = "coverage-5.0b1-cp35-cp35m-win_amd64.whl", hash = "sha256:97ac79ff28f2cda6ac00a803ee582b965951755f61ab43377482bfba450b619a"},
    {file = "coverage-5.0b1-cp36-cp36m-macosx_10_13_x86_64.whl", hash = "sha256:5b59d661ee7f3200aedd7b71882b7927ea7ed522df75e3853f316a79ad872a2e"},
    {file = "coverage-5.0b1-cp36-cp36m-manylinux1_i686.whl", hash = "sha256:a5b6395d5957d638f8b1870561607e3c39b1a236ea6cff9eafe5b9bb1db913f2"},
    {file = "coverage-5.0b1-cp36-cp36m-manylinux1_x86_64.whl", hash = "sha256:324ed908e4e40a6e2451056fe502470ad4e79495cb7a03ecab94e6309c3e117e"},
    {file = "coverage-5.0b1-cp36-cp36m-win32.whl", hash = "sha256:8d30c10cfd0a6fdf0a2d5023de00ef7b329cd6ead2310c9e53eab79c209acb70"},
    {file = "coverage-5.0b1-cp36-cp36m-win_amd64.whl", hash = "sha256:e9128444c83bc260aea988bf1ca6278a33ba730955bf94720468c656b61353eb"},
    {file = "coverage-5.0b1-cp37-cp37m-macosx_10_13_x86_64.whl", hash = "sha256:b077cd0e70f41366ac1f9d09275258fa1906758a5d4f31cacc18b10dfcf90784"},
    {file = "coverage-5.0b1-cp37-cp37m-manylinux1_i686.whl", hash = "sha256:ad67f0cfdfecbd49b9da46a7e488e6dc32a69388740b85c36a4ef4b33082cbad"},
    {file = "coverage-5.0b1-cp37-cp37m-manylinux1_x86_64.whl", hash = "sha256:ab32c5fad6905986a7e34e3acf01180a69bb60c2aa7331815b46e51c776a1943"},
    {file = "coverage-5.0b1-cp37-cp37m-win32.whl", hash = "sha256:e10593c60c5f0bfd8b241bf9f27ef2191a3005b73dde8ada0424f642543a1e59"},
    {file = "coverage-5.0b1-cp37-cp37m-win_amd64.whl", hash = "sha256:9fe4aacacff9028ed167db108bf013510654f148d83c4857fed61d2ce0588bf2"},
    {file = "coverage-5.0b1-cp38-cp38-macosx_10_13_x86_64.whl", hash = "sha256:bf572722326ce6704e863447a070039a827072b7179352570859be899b9e6551"},
    {file = "coverage-5.0b1-cp38-cp38-manylinux1_i686.whl", hash = "sha256:34f865a0cf6255b694a46e4383a7131c61ea72c5b4c4f81d20e522fb1e440b4b"},
    {file = "coverage-5.0b1-cp38-cp38-manylinux1_x86_64.whl", hash = "sha256:3a2bcc464b60a18f1f7167b95b2773ede93bf3722bfa59e0802717f652b6cc25"},
    {file = "coverage-5.0b1-cp38-cp38m-win32.whl", hash = "sha256:48d70865266d649b6602e2ba94820d7972ef470d3b72a8fd41a3d17321feed3a"},
    {file = "coverage-5.0b1-cp38-cp38m-win_amd64.whl", hash = "sha256:b8ea210810d3c14aec7561f8fe0d3eec582d1088100aaa0bb8153d53d867d20f"},
    {file = "coverage-5.0b1.tar.gz", hash = "sha256:d523e75f2a8a0b4a6a8be1287c0e0e3a561b8832b05ddd987d4cd7c62f3ad3bc"},
]
